
Microsoft Visual Studio Solution File, Format Version 12.00
# Visual Studio 15
VisualStudioVersion = 15.0.27130.2010
MinimumVisualStudioVersion = 10.0.40219.1
Project("{2150E333-8FDC-42A3-9474-1A3956D46DE8}") = "Site", "Site", "{3DD032B9-A800-467D-97CD-19ECB9DE80A0}"
EndProject
Project("{2150E333-8FDC-42A3-9474-1A3956D46DE8}") = "Framework", "Framework", "{85FC5AF6-0966-475F-A61A-85E3EAAAE085}"
EndProject
Project("{9A19103F-16F7-4668-BE54-9A1E7A4F7556}") = "eBeerShop.Server", "eBeerShop.Server\eBeerShop.Server.csproj", "{00B40313-5BA5-48DD-9F26-B3D564DBB219}"
EndProject
Project("{2150E333-8FDC-42A3-9474-1A3956D46DE8}") = "Misc", "Misc", "{5AD969BD-F436-4BF3-8E78-A661911C7BFD}"
EndProject
Project("{2150E333-8FDC-42A3-9474-1A3956D46DE8}") = "Persistance", "Persistance", "{FD70525D-0F58-4192-980A-6414F77D2DA3}"
EndProject
Project("{9A19103F-16F7-4668-BE54-9A1E7A4F7556}") = "eBeerShop.Infrastructure", "eBeerShop.Infrastructure\eBeerShop.Infrastructure.csproj", "{C5808633-CB2B-4456-8489-F091A6B9A215}"
EndProject
Project("{9A19103F-16F7-4668-BE54-9A1E7A4F7556}") = "eBeerShop.Persistance", "eBeerShop.Persistance\eBeerShop.Persistance.csproj", "{78BA0373-DA6E-4AED-BB35-B58F0BA13E35}"
EndProject
Project("{2150E333-8FDC-42A3-9474-1A3956D46DE8}") = "Domain", "Domain", "{2CD977C6-9B40-4D6F-AC1E-E3E515BBE608}"
EndProject
Project("{9A19103F-16F7-4668-BE54-9A1E7A4F7556}") = "eBeerShop.Domain", "eBeerShop.Domain\eBeerShop.Domain.csproj", "{EF5E71FE-3EEB-44E8-9C7B-BEC886919645}"
EndProject
Project("{9A19103F-16F7-4668-BE54-9A1E7A4F7556}") = "eBeerShop.Domain.Services", "eBeerShop.Domain.Services\eBeerShop.Domain.Services.csproj", "{9BD3069B-BDED-4331-9C04-86DF06428A34}"
EndProject
Project("{2150E333-8FDC-42A3-9474-1A3956D46DE8}") = "Application", "Application", "{4A0E2BCC-464A-4491-A79E-4AC8CA3A1AA5}"
EndProject
Project("{9A19103F-16F7-4668-BE54-9A1E7A4F7556}") = "eBeerShop.Application", "eBeerShop.Application\eBeerShop.Application.csproj", "{6EED9E27-686B-426F-B18C-66BEC0C0355C}"
EndProject
Project("{2150E333-8FDC-42A3-9474-1A3956D46DE8}") = "Presentation", "Presentation", "{556C619F-C9C1-4DA2-9943-0D7BBCFAB444}"
EndProject
Project("{2150E333-8FDC-42A3-9474-1A3956D46DE8}") = "eBeer-dm", "eBeer-dm", "{69D3749D-76DA-4CA1-A0E5-3D3A91F9C3D6}"
EndProject
Project("{2150E333-8FDC-42A3-9474-1A3956D46DE8}") = "eBeer-cqrs", "eBeer-cqrs", "{52EC4BCB-280B-4B0E-B998-9E341287336C}"
EndProject
Project("{9A19103F-16F7-4668-BE54-9A1E7A4F7556}") = "eBeerShop.Domain.Tests", "eBeerShop.Domain.Tests\eBeerShop.Domain.Tests.csproj", "{20D4F449-7C02-408D-9BBB-5F48A9F2100E}"
EndProject
Project("{FAE04EC0-301F-11D3-BF4B-00C04F79EFBC}") = "eBeerShop.Application.Tests", "eBeerShop.Application.Tests\eBeerShop.Application.Tests.csproj", "{A90A8353-260D-4999-AA79-C5FB737C0D28}"
EndProject
Global
	GlobalSection(SolutionConfigurationPlatforms) = preSolution
		Debug|Any CPU = Debug|Any CPU
		Release|Any CPU = Release|Any CPU
	EndGlobalSection
	GlobalSection(ProjectConfigurationPlatforms) = postSolution
		{00B40313-5BA5-48DD-9F26-B3D564DBB219}.Debug|Any CPU.ActiveCfg = Debug|Any CPU
		{00B40313-5BA5-48DD-9F26-B3D564DBB219}.Debug|Any CPU.Build.0 = Debug|Any CPU
		{00B40313-5BA5-48DD-9F26-B3D564DBB219}.Release|Any CPU.ActiveCfg = Release|Any CPU
		{00B40313-5BA5-48DD-9F26-B3D564DBB219}.Release|Any CPU.Build.0 = Release|Any CPU
		{C5808633-CB2B-4456-8489-F091A6B9A215}.Debug|Any CPU.ActiveCfg = Debug|Any CPU
		{C5808633-CB2B-4456-8489-F091A6B9A215}.Debug|Any CPU.Build.0 = Debug|Any CPU
		{C5808633-CB2B-4456-8489-F091A6B9A215}.Release|Any CPU.ActiveCfg = Release|Any CPU
		{C5808633-CB2B-4456-8489-F091A6B9A215}.Release|Any CPU.Build.0 = Release|Any CPU
		{78BA0373-DA6E-4AED-BB35-B58F0BA13E35}.Debug|Any CPU.ActiveCfg = Debug|Any CPU
		{78BA0373-DA6E-4AED-BB35-B58F0BA13E35}.Debug|Any CPU.Build.0 = Debug|Any CPU
		{78BA0373-DA6E-4AED-BB35-B58F0BA13E35}.Release|Any CPU.ActiveCfg = Release|Any CPU
		{78BA0373-DA6E-4AED-BB35-B58F0BA13E35}.Release|Any CPU.Build.0 = Release|Any CPU
		{EF5E71FE-3EEB-44E8-9C7B-BEC886919645}.Debug|Any CPU.ActiveCfg = Debug|Any CPU
		{EF5E71FE-3EEB-44E8-9C7B-BEC886919645}.Debug|Any CPU.Build.0 = Debug|Any CPU
		{EF5E71FE-3EEB-44E8-9C7B-BEC886919645}.Release|Any CPU.ActiveCfg = Release|Any CPU
		{EF5E71FE-3EEB-44E8-9C7B-BEC886919645}.Release|Any CPU.Build.0 = Release|Any CPU
		{9BD3069B-BDED-4331-9C04-86DF06428A34}.Debug|Any CPU.ActiveCfg = Debug|Any CPU
		{9BD3069B-BDED-4331-9C04-86DF06428A34}.Debug|Any CPU.Build.0 = Debug|Any CPU
		{9BD3069B-BDED-4331-9C04-86DF06428A34}.Release|Any CPU.ActiveCfg = Release|Any CPU
		{9BD3069B-BDED-4331-9C04-86DF06428A34}.Release|Any CPU.Build.0 = Release|Any CPU
		{6EED9E27-686B-426F-B18C-66BEC0C0355C}.Debug|Any CPU.ActiveCfg = Debug|Any CPU
		{6EED9E27-686B-426F-B18C-66BEC0C0355C}.Debug|Any CPU.Build.0 = Debug|Any CPU
		{6EED9E27-686B-426F-B18C-66BEC0C0355C}.Release|Any CPU.ActiveCfg = Release|Any CPU
		{6EED9E27-686B-426F-B18C-66BEC0C0355C}.Release|Any CPU.Build.0 = Release|Any CPU
		{20D4F449-7C02-408D-9BBB-5F48A9F2100E}.Debug|Any CPU.ActiveCfg = Debug|Any CPU
		{20D4F449-7C02-408D-9BBB-5F48A9F2100E}.Debug|Any CPU.Build.0 = Debug|Any CPU
		{20D4F449-7C02-408D-9BBB-5F48A9F2100E}.Release|Any CPU.ActiveCfg = Release|Any CPU
		{20D4F449-7C02-408D-9BBB-5F48A9F2100E}.Release|Any CPU.Build.0 = Release|Any CPU
		{A90A8353-260D-4999-AA79-C5FB737C0D28}.Debug|Any CPU.ActiveCfg = Debug|Any CPU
		{A90A8353-260D-4999-AA79-C5FB737C0D28}.Debug|Any CPU.Build.0 = Debug|Any CPU
		{A90A8353-260D-4999-AA79-C5FB737C0D28}.Release|Any CPU.ActiveCfg = Release|Any CPU
		{A90A8353-260D-4999-AA79-C5FB737C0D28}.Release|Any CPU.Build.0 = Release|Any CPU
	EndGlobalSection
	GlobalSection(SolutionProperties) = preSolution
		HideSolutionNode = FALSE
	EndGlobalSection
	GlobalSection(NestedProjects) = preSolution
		{3DD032B9-A800-467D-97CD-19ECB9DE80A0} = {69D3749D-76DA-4CA1-A0E5-3D3A91F9C3D6}
		{85FC5AF6-0966-475F-A61A-85E3EAAAE085} = {69D3749D-76DA-4CA1-A0E5-3D3A91F9C3D6}
		{00B40313-5BA5-48DD-9F26-B3D564DBB219} = {556C619F-C9C1-4DA2-9943-0D7BBCFAB444}
		{5AD969BD-F436-4BF3-8E78-A661911C7BFD} = {85FC5AF6-0966-475F-A61A-85E3EAAAE085}
		{FD70525D-0F58-4192-980A-6414F77D2DA3} = {85FC5AF6-0966-475F-A61A-85E3EAAAE085}
		{C5808633-CB2B-4456-8489-F091A6B9A215} = {5AD969BD-F436-4BF3-8E78-A661911C7BFD}
		{78BA0373-DA6E-4AED-BB35-B58F0BA13E35} = {FD70525D-0F58-4192-980A-6414F77D2DA3}
		{2CD977C6-9B40-4D6F-AC1E-E3E515BBE608} = {69D3749D-76DA-4CA1-A0E5-3D3A91F9C3D6}
		{EF5E71FE-3EEB-44E8-9C7B-BEC886919645} = {2CD977C6-9B40-4D6F-AC1E-E3E515BBE608}
		{9BD3069B-BDED-4331-9C04-86DF06428A34} = {2CD977C6-9B40-4D6F-AC1E-E3E515BBE608}
		{4A0E2BCC-464A-4491-A79E-4AC8CA3A1AA5} = {69D3749D-76DA-4CA1-A0E5-3D3A91F9C3D6}
		{6EED9E27-686B-426F-B18C-66BEC0C0355C} = {4A0E2BCC-464A-4491-A79E-4AC8CA3A1AA5}
		{556C619F-C9C1-4DA2-9943-0D7BBCFAB444} = {3DD032B9-A800-467D-97CD-19ECB9DE80A0}
		{20D4F449-7C02-408D-9BBB-5F48A9F2100E} = {2CD977C6-9B40-4D6F-AC1E-E3E515BBE608}
		{A90A8353-260D-4999-AA79-C5FB737C0D28} = {4A0E2BCC-464A-4491-A79E-4AC8CA3A1AA5}
	EndGlobalSection
	GlobalSection(ExtensibilityGlobals) = postSolution
		SolutionGuid = {2A2FED03-52A7-44C3-A371-8B1F040E3A40}
	EndGlobalSection
EndGlobal
